
Microsoft Visual Studio Solution File, Format Version 12.00
# Visual Studio Version 16
VisualStudioVersion = 16.0.31702.278
MinimumVisualStudioVersion = 10.0.40219.1
Project("{FAE04EC0-301F-11D3-BF4B-00C04F79EFBC}") = "Inventory.API", "Inventory\Inventory.API.csproj", "{6DF92DD0-5929-45D4-B4A1-624943DE3531}"
EndProject
Project("{FAE04EC0-301F-11D3-BF4B-00C04F79EFBC}") = "Inventory.Domain", "Domain\Inventory.Domain.csproj", "{6CC587EF-CBEB-4FB1-A388-2EAB7477988D}"
EndProject
Project("{FAE04EC0-301F-11D3-BF4B-00C04F79EFBC}") = "Inventory.Infrastructure", "Inventory.Infrastructure\Inventory.Infrastructure.csproj", "{53B21C4F-95B9-4BEA-875C-8AB0BBF09973}"
EndProject
Global
	GlobalSection(SolutionConfigurationPlatforms) = preSolution
		Debug|Any CPU = Debug|Any CPU
		Release|Any CPU = Release|Any CPU
	EndGlobalSection
	GlobalSection(ProjectConfigurationPlatforms) = postSolution
		{6DF92DD0-5929-45D4-B4A1-624943DE3531}.Debug|Any CPU.ActiveCfg = Debug|Any CPU
		{6DF92DD0-5929-45D4-B4A1-624943DE3531}.Debug|Any CPU.Build.0 = Debug|Any CPU
		{6DF92DD0-5929-45D4-B4A1-624943DE3531}.Release|Any CPU.ActiveCfg = Release|Any CPU
		{6DF92DD0-5929-45D4-B4A1-624943DE3531}.Release|Any CPU.Build.0 = Release|Any CPU
		{6CC587EF-CBEB-4FB1-A388-2EAB7477988D}.Debug|Any CPU.ActiveCfg = Debug|Any CPU
		{6CC587EF-CBEB-4FB1-A388-2EAB7477988D}.Debug|Any CPU.Build.0 = Debug|Any CPU
		{6CC587EF-CBEB-4FB1-A388-2EAB7477988D}.Release|Any CPU.ActiveCfg = Release|Any CPU
		{6CC587EF-CBEB-4FB1-A388-2EAB7477988D}.Release|Any CPU.Build.0 = Release|Any CPU
		{53B21C4F-95B9-4BEA-875C-8AB0BBF09973}.Debug|Any CPU.ActiveCfg = Debug|Any CPU
		{53B21C4F-95B9-4BEA-875C-8AB0BBF09973}.Debug|Any CPU.Build.0 = Debug|Any CPU
		{53B21C4F-95B9-4BEA-875C-8AB0BBF09973}.Release|Any CPU.ActiveCfg = Release|Any CPU
		{53B21C4F-95B9-4BEA-875C-8AB0BBF09973}.Release|Any CPU.Build.0 = Release|Any CPU
	EndGlobalSection
	GlobalSection(SolutionProperties) = preSolution
		HideSolutionNode = FALSE
	EndGlobalSection
	GlobalSection(ExtensibilityGlobals) = postSolution
		SolutionGuid = {3BE70283-AF7B-4E33-8A5D-4F338799C162}
	EndGlobalSection
EndGlobal
